{
  "requires": true,
  "lockfileVersion": 1,
  "dependencies": {
    "semantic-ui-transition": {
      "version": "2.5.0",
      "resolved": "https://registry.npmjs.org/semantic-ui-transition/-/semantic-ui-transition-2.5.0.tgz",
      "integrity": "sha512-LjOuiBmJIsxuPI9ZCanYBhDJZPUEZK+M4rSTKZNNDKeC+D3d8jLN7WZPVEEGrwWBAdHX7hXpmvQKvE5fvi3xYg=="
    }
  }
}
